<?xml version="1.0" encoding="utf-8"?>
<Project ToolsVersion="4.0" xmlns="http://schemas.microsoft.com/developer/msbuild/2003">
  <ItemGroup>
    <ClCompile Include="..\..\Sources\Common\Application\WinMainLauncher.cpp">
      <Filter>Application</Filter>
    </ClCompile>
    <ClCompile Include="..\..\Sources\Common\Application\GameApplication.cpp">
      <Filter>Application</Filter>
    </ClCompile>
    <ClCompile Include="..\..\Sources\Common\RenderCore\GpuFence.cpp">
      <Filter>RenderCore</Filter>
    </ClCompile>
    <ClCompile Include="..\..\Sources\Common\RenderCore\CommandAllocator.cpp">
      <Filter>RenderCore</Filter>
    </ClCompile>
    <ClCompile Include="..\..\Sources\Common\RenderCore\CommandList.cpp">
      <Filter>RenderCore</Filter>
    </ClCompile>
  </ItemGroup>
  <ItemGroup>
    <ClInclude Include="..\..\Sources\Common\Application\WinMainLauncher.h">
      <Filter>Application</Filter>
    </ClInclude>
    <ClInclude Include="..\..\Sources\Common\Application\WindowsAppConfig.h">
      <Filter>Application</Filter>
    </ClInclude>
    <ClInclude Include="..\..\Sources\Common\Application\GameApplication.h">
      <Filter>Application</Filter>
    </ClInclude>
    <ClInclude Include="..\..\Sources\Common\Utilities\d3dx12.h">
      <Filter>Utilities</Filter>
    </ClInclude>
    <ClInclude Include="..\..\Sources\Common\RenderCore\GpuFence.h">
      <Filter>RenderCore</Filter>
    </ClInclude>
    <ClInclude Include="..\..\Sources\Common\Utilities\CommonMacros.h">
      <Filter>Utilities</Filter>
    </ClInclude>
    <ClInclude Include="..\..\Sources\Common\RenderCore\CommandAllocator.h">
      <Filter>RenderCore</Filter>
    </ClInclude>
    <ClInclude Include="..\..\Sources\Common\RenderCore\Includes.h">
      <Filter>RenderCore</Filter>
    </ClInclude>
    <ClInclude Include="..\..\Sources\Common\RenderCore\CommandList.h">
      <Filter>RenderCore</Filter>
    </ClInclude>
  </ItemGroup>
  <ItemGroup>
    <Filter Include="Application">
      <UniqueIdentifier>{99f3e407-6bd4-4af3-9f97-566626cb5528}</UniqueIdentifier>
    </Filter>
    <Filter Include="Utilities">
      <UniqueIdentifier>{17257a41-407d-4039-ad55-9fd8a86123ee}</UniqueIdentifier>
    </Filter>
    <Filter Include="RenderCore">
      <UniqueIdentifier>{b09cfe02-bf4c-47b9-ad5f-c00af25e8c5f}</UniqueIdentifier>
    </Filter>
  </ItemGroup>
</Project>